
Microsoft Visual Studio Solution File, Format Version 12.00
# Visual Studio Version 17
VisualStudioVersion = 17.5.33502.453
MinimumVisualStudioVersion = 10.0.40219.1
Project("{8BC9CEB8-8B4A-11D0-8D11-00A0C91BC942}") = "ex1", "ex1.vcxproj", "{D7B8D4EE-818D-40DB-A809-A811BA5E7FBB}"
EndProject
Global
	GlobalSection(SolutionConfigurationPlatforms) = preSolution
		Debug|x64 = Debug|x64
		Debug|x86 = Debug|x86
		Release|x64 = Release|x64
		Release|x86 = Release|x86
	EndGlobalSection
	GlobalSection(ProjectConfigurationPlatforms) = postSolution
		{D7B8D4EE-818D-40DB-A809-A811BA5E7FBB}.Debug|x64.ActiveCfg = Debug|x64
		{D7B8D4EE-818D-40DB-A809-A811BA5E7FBB}.Debug|x64.Build.0 = Debug|x64
		{D7B8D4EE-818D-40DB-A809-A811BA5E7FBB}.Debug|x86.ActiveCfg = Debug|Win32
		{D7B8D4EE-818D-40DB-A809-A811BA5E7FBB}.Debug|x86.Build.0 = Debug|Win32
		{D7B8D4EE-818D-40DB-A809-A811BA5E7FBB}.Release|x64.ActiveCfg = Release|x64
		{D7B8D4EE-818D-40DB-A809-A811BA5E7FBB}.Release|x64.Build.0 = Release|x64
		{D7B8D4EE-818D-40DB-A809-A811BA5E7FBB}.Release|x86.ActiveCfg = Release|Win32
		{D7B8D4EE-818D-40DB-A809-A811BA5E7FBB}.Release|x86.Build.0 = Release|Win32
	EndGlobalSection
	GlobalSection(SolutionProperties) = preSolution
		HideSolutionNode = FALSE
	EndGlobalSection
	GlobalSection(ExtensibilityGlobals) = postSolution
		SolutionGuid = {75A80133-928A-4236-9BD9-7631BB1818F6}
	EndGlobalSection
EndGlobal
